
Microsoft Visual Studio Solution File, Format Version 12.00
# Visual Studio Version 17
VisualStudioVersion = 17.2.32516.85
MinimumVisualStudioVersion = 10.0.40219.1
Project("{FAE04EC0-301F-11D3-BF4B-00C04F79EFBC}") = "Kafka.Investigator.Tool", "Kafka.Investigator.Tool\Kafka.Investigator.Tool.csproj", "{DC8015FB-8FA7-401A-A88B-91F43D311399}"
EndProject
Global
	GlobalSection(SolutionConfigurationPlatforms) = preSolution
		Debug|Any CPU = Debug|Any CPU
		Release|Any CPU = Release|Any CPU
	EndGlobalSection
	GlobalSection(ProjectConfigurationPlatforms) = postSolution
		{DC8015FB-8FA7-401A-A88B-91F43D311399}.Debug|Any CPU.ActiveCfg = Debug|Any CPU
		{DC8015FB-8FA7-401A-A88B-91F43D311399}.Debug|Any CPU.Build.0 = Debug|Any CPU
		{DC8015FB-8FA7-401A-A88B-91F43D311399}.Release|Any CPU.ActiveCfg = Release|Any CPU
		{DC8015FB-8FA7-401A-A88B-91F43D311399}.Release|Any CPU.Build.0 = Release|Any CPU
	EndGlobalSection
	GlobalSection(SolutionProperties) = preSolution
		HideSolutionNode = FALSE
	EndGlobalSection
	GlobalSection(ExtensibilityGlobals) = postSolution
		SolutionGuid = {AC2803D1-6F4A-4EFF-9E73-02F669053C6D}
	EndGlobalSection
EndGlobal
